
Microsoft Visual Studio Solution File, Format Version 12.00
Project("{FAE04EC0-301F-11D3-BF4B-00C04F79EFBC}") = "TaskManagerApp", "TaskManagerApp\TaskManagerApp.csproj", "{2A2D542D-6BB7-451C-A7B8-78FEAF351FB3}"
EndProject
Global
	GlobalSection(SolutionConfigurationPlatforms) = preSolution
		Debug|Any CPU = Debug|Any CPU
		Release|Any CPU = Release|Any CPU
	EndGlobalSection
	GlobalSection(ProjectConfigurationPlatforms) = postSolution
		{2A2D542D-6BB7-451C-A7B8-78FEAF351FB3}.Debug|Any CPU.ActiveCfg = Debug|Any CPU
		{2A2D542D-6BB7-451C-A7B8-78FEAF351FB3}.Debug|Any CPU.Build.0 = Debug|Any CPU
		{2A2D542D-6BB7-451C-A7B8-78FEAF351FB3}.Release|Any CPU.ActiveCfg = Release|Any CPU
		{2A2D542D-6BB7-451C-A7B8-78FEAF351FB3}.Release|Any CPU.Build.0 = Release|Any CPU
	EndGlobalSection
EndGlobal
